
Microsoft Visual Studio Solution File, Format Version 12.00
# Visual Studio Version 16
VisualStudioVersion = 16.0.31911.196
MinimumVisualStudioVersion = 10.0.40219.1
Project("{9A19103F-16F7-4668-BE54-9A1E7A4F7556}") = "day-1", "day-1\day-1.csproj", "{3883523C-A124-4273-9D8C-E78405335348}"
EndProject
Project("{2150E333-8FDC-42A3-9474-1A3956D46DE8}") = "Solution Items", "Solution Items", "{D78B1722-4EAA-4245-8890-C5C8130714BC}"
	ProjectSection(SolutionItems) = preProject
		README.md = README.md
	EndProjectSection
EndProject
Project("{9A19103F-16F7-4668-BE54-9A1E7A4F7556}") = "day-2", "day-2\day-2.csproj", "{A16EDDFB-5FE1-4BB2-9B16-849A89542308}"
EndProject
Project("{FAE04EC0-301F-11D3-BF4B-00C04F79EFBC}") = "day-3", "day-3\day-3.csproj", "{2A9CB0A4-14B7-42B9-89D7-CD64E66FFA47}"
EndProject
Global
	GlobalSection(SolutionConfigurationPlatforms) = preSolution
		Debug|Any CPU = Debug|Any CPU
		Release|Any CPU = Release|Any CPU
	EndGlobalSection
	GlobalSection(ProjectConfigurationPlatforms) = postSolution
		{3883523C-A124-4273-9D8C-E78405335348}.Debug|Any CPU.ActiveCfg = Debug|Any CPU
		{3883523C-A124-4273-9D8C-E78405335348}.Debug|Any CPU.Build.0 = Debug|Any CPU
		{3883523C-A124-4273-9D8C-E78405335348}.Release|Any CPU.ActiveCfg = Release|Any CPU
		{3883523C-A124-4273-9D8C-E78405335348}.Release|Any CPU.Build.0 = Release|Any CPU
		{A16EDDFB-5FE1-4BB2-9B16-849A89542308}.Debug|Any CPU.ActiveCfg = Debug|Any CPU
		{A16EDDFB-5FE1-4BB2-9B16-849A89542308}.Debug|Any CPU.Build.0 = Debug|Any CPU
		{A16EDDFB-5FE1-4BB2-9B16-849A89542308}.Release|Any CPU.ActiveCfg = Release|Any CPU
		{A16EDDFB-5FE1-4BB2-9B16-849A89542308}.Release|Any CPU.Build.0 = Release|Any CPU
		{2A9CB0A4-14B7-42B9-89D7-CD64E66FFA47}.Debug|Any CPU.ActiveCfg = Debug|Any CPU
		{2A9CB0A4-14B7-42B9-89D7-CD64E66FFA47}.Debug|Any CPU.Build.0 = Debug|Any CPU
		{2A9CB0A4-14B7-42B9-89D7-CD64E66FFA47}.Release|Any CPU.ActiveCfg = Release|Any CPU
		{2A9CB0A4-14B7-42B9-89D7-CD64E66FFA47}.Release|Any CPU.Build.0 = Release|Any CPU
	EndGlobalSection
	GlobalSection(SolutionProperties) = preSolution
		HideSolutionNode = FALSE
	EndGlobalSection
	GlobalSection(ExtensibilityGlobals) = postSolution
		SolutionGuid = {5BDB9602-777B-472F-8973-6630A757EBB6}
	EndGlobalSection
EndGlobal
